
Microsoft Visual Studio Solution File, Format Version 12.00
# Visual Studio Version 16
VisualStudioVersion = 16.0.30204.135
MinimumVisualStudioVersion = 10.0.40219.1
Project("{FAE04EC0-301F-11D3-BF4B-00C04F79EFBC}") = "AutoReportWinApp", "AutoReportWinApp\AutoReportWinApp.csproj", "{CF049CCB-8CBF-485C-99BA-E4EEACFC1FB3}"
EndProject
Global
	GlobalSection(SolutionConfigurationPlatforms) = preSolution
		Debug|Any CPU = Debug|Any CPU
		Release|Any CPU = Release|Any CPU
	EndGlobalSection
	GlobalSection(ProjectConfigurationPlatforms) = postSolution
		{CF049CCB-8CBF-485C-99BA-E4EEACFC1FB3}.Debug|Any CPU.ActiveCfg = Debug|Any CPU
		{CF049CCB-8CBF-485C-99BA-E4EEACFC1FB3}.Debug|Any CPU.Build.0 = Debug|Any CPU
		{CF049CCB-8CBF-485C-99BA-E4EEACFC1FB3}.Release|Any CPU.ActiveCfg = Release|Any CPU
		{CF049CCB-8CBF-485C-99BA-E4EEACFC1FB3}.Release|Any CPU.Build.0 = Release|Any CPU
	EndGlobalSection
	GlobalSection(SolutionProperties) = preSolution
		HideSolutionNode = FALSE
	EndGlobalSection
	GlobalSection(ExtensibilityGlobals) = postSolution
		SolutionGuid = {18C420E7-706A-4595-A323-A18584013A33}
	EndGlobalSection
EndGlobal
